
Microsoft Visual Studio Solution File, Format Version 12.00
Project("{FAE04EC0-301F-11D3-BF4B-00C04F79EFBC}") = "MySite", "MySite\MySite.csproj", "{3819F839-D426-4B7B-9241-147E5C3D7051}"
EndProject
Global
	GlobalSection(SolutionConfigurationPlatforms) = preSolution
		Debug|Any CPU = Debug|Any CPU
		Release|Any CPU = Release|Any CPU
	EndGlobalSection
	GlobalSection(ProjectConfigurationPlatforms) = postSolution
		{3819F839-D426-4B7B-9241-147E5C3D7051}.Debug|Any CPU.ActiveCfg = Debug|Any CPU
		{3819F839-D426-4B7B-9241-147E5C3D7051}.Debug|Any CPU.Build.0 = Debug|Any CPU
		{3819F839-D426-4B7B-9241-147E5C3D7051}.Release|Any CPU.ActiveCfg = Release|Any CPU
		{3819F839-D426-4B7B-9241-147E5C3D7051}.Release|Any CPU.Build.0 = Release|Any CPU
	EndGlobalSection
EndGlobal
